# THIS IS AN AUTOGENERATED FILE. DO NOT EDIT THIS FILE DIRECTLY.
# yarn lockfile v1


debug@^2.6.6:
  version "2.6.9"
  resolved "https://registry.yarnpkg.com/debug/-/debug-2.6.9.tgz#5d128515df134ff327e90a4c93f4e077a536341f"
  integrity sha512-bC7ElrdJaJnPbAP+1EotYvqZsb3ecl5wi6Bfi6BJTUcNowp6cvspg0jXznRTKDjm/E7AdgFBVeAPVMNcKGsHMA==
  dependencies:
    ms "2.0.0"

fuse.js@3.4.6:
  version "3.4.6"
  resolved "https://registry.yarnpkg.com/fuse.js/-/fuse.js-3.4.6.tgz#545c3411fed88bf2e27c457cab6e73e7af697a45"
  integrity sha512-H6aJY4UpLFwxj1+5nAvufom5b2BT2v45P1MkPvdGIK8fWjQx/7o6tTT1+ALV0yawQvbmvCF0ufl2et8eJ7v7Cg==

load-script@^1.0.0:
  version "1.0.0"
  resolved "https://registry.yarnpkg.com/load-script/-/load-script-1.0.0.tgz#0491939e0bee5643ee494a7e3da3d2bac70c6ca4"
  integrity sha1-BJGTngvuVkPuSUp+PaPSuscMbKQ=

ms@2.0.0:
  version "2.0.0"
  resolved "https://registry.yarnpkg.com/ms/-/ms-2.0.0.tgz#5608aeadfc00be6c2901df5f9861788de0d597c8"
  integrity sha1-VgiurfwAvmwpAd9fmGF4jeDVl8g=

sister@^3.0.0:
  version "3.0.1"
  resolved "https://registry.yarnpkg.com/sister/-/sister-3.0.1.tgz#a36ba6a1d1e46415ba16cb4ecefe14cbd8d82d1f"
  integrity sha512-aG41gNRHRRxPq52MpX4vtm9tapnr6ENmHUx8LMAJWCOplEMwXzh/dp5WIo52Wl8Zlc/VUyHLJ2snX0ck+Nma9g==

smooth-scroll@^16.1.0:
  version "16.1.0"
  resolved "https://registry.yarnpkg.com/smooth-scroll/-/smooth-scroll-16.1.0.tgz#c811c63db67215d30847745ba0732feb3291947f"
  integrity sha512-V5b8ekIekZ3xJ6f0sPsLgEbN5YT8gX0Q6yNjZXTKgqjH9dBGadZ0P50fhP0rLRBGifc44qfI3rnWNM+lebhJag==

youtube-player@5.5.2:
  version "5.5.2"
  resolved "https://registry.yarnpkg.com/youtube-player/-/youtube-player-5.5.2.tgz#052b86b1eabe21ff331095ffffeae285fa7f7cb5"
  integrity sha512-ZGtsemSpXnDky2AUYWgxjaopgB+shFHgXVpiJFeNB5nWEugpW1KWYDaHKuLqh2b67r24GtP6HoSW5swvf0fFIQ==
  dependencies:
    debug "^2.6.6"
    load-script "^1.0.0"
    sister "^3.0.0"
